<Solution>
  <Folder Name="/src/">
    <Project Path="src/Gui/Gui.csproj" />
    <Project Path="src/VorticeVulkan/VorticeVulkan.csproj" />
    <Project Path="samples/ImGuiGlfwVulkan/ImGuiGlfwVulkan.csproj" />
    <Project Path="samples/HelloTriangle/HelloTriangle.csproj" />
  </Folder>
</Solution>
